// !$*UTF8*$!
{
	archiveVersion = 1;
	classes = {
	};
	objectVersion = 55;
	objects = {

/* Begin PBXBuildFile section */
		60EF4B3B280A7BA700FCCDC1 /* AppDelegate.swift in Sources */ = {isa = PBXBuildFile; fileRef = 60EF4B3A280A7BA700FCCDC1 /* AppDelegate.swift */; };
		60EF4B3D280A7BA700FCCDC1 /* SceneDelegate.swift in Sources */ = {isa = PBXBuildFile; fileRef = 60EF4B3C280A7BA700FCCDC1 /* SceneDelegate.swift */; };
		60EF4B3F280A7BA700FCCDC1 /* ViewController.swift in Sources */ = {isa = PBXBuildFile; fileRef = 60EF4B3E280A7BA700FCCDC1 /* ViewController.swift */; };
		60EF4B42280A7BA700FCCDC1 /* Main.storyboard in Resources */ = {isa = PBXBuildFile; fileRef = 60EF4B40280A7BA700FCCDC1 /* Main.storyboard */; };
		60EF4B44280A7BA800FCCDC1 /* Assets.xcassets in Resources */ = {isa = PBXBuildFile; fileRef = 60EF4B43280A7BA800FCCDC1 /* Assets.xcassets */; };
		60EF4B47280A7BA800FCCDC1 /* LaunchScreen.storyboard in Resources */ = {isa = PBXBuildFile; fileRef = 60EF4B45280A7BA800FCCDC1 /* LaunchScreen.storyboard */; };
		60EF4B52280A7BA800FCCDC1 /* RandomPhotoTests.swift in Sources */ = {isa = PBXBuildFile; fileRef = 60EF4B51280A7BA800FCCDC1 /* RandomPhotoTests.swift */; };
		60EF4B5C280A7BA800FCCDC1 /* RandomPhotoUITests.swift in Sources */ = {isa = PBXBuildFile; fileRef = 60EF4B5B280A7BA800FCCDC1 /* RandomPhotoUITests.swift */; };
		60EF4B5E280A7BA800FCCDC1 /* RandomPhotoUITestsLaunchTests.swift in Sources */ = {isa = PBXBuildFile; fileRef = 60EF4B5D280A7BA800FCCDC1 /* RandomPhotoUITestsLaunchTests.swift */; };
/* End PBXBuildFile section */

/* Begin PBXContainerItemProxy section */
		60EF4B4E280A7BA800FCCDC1 /* PBXContainerItemProxy */ = {
			isa = PBXContainerItemProxy;
			containerPortal = 60EF4B2F280A7BA700FCCDC1 /* Project object */;
			proxyType = 1;
			remoteGlobalIDString = 60EF4B36280A7BA700FCCDC1;
			remoteInfo = RandomPhoto;
		};
		60EF4B58280A7BA800FCCDC1 /* PBXContainerItemProxy */ = {
			isa = PBXContainerItemProxy;
			containerPortal = 60EF4B2F280A7BA700FCCDC1 /* Project object */;
			proxyType = 1;
			remoteGlobalIDString = 60EF4B36280A7BA700FCCDC1;
			remoteInfo = RandomPhoto;
		};
/* End PBXContainerItemProxy section */

/* Begin PBXFileReference section */
		60EF4B37280A7BA700FCCDC1 /* RandomPhoto.app */ = {isa = PBXFileReference; explicitFileType = wrapper.application; includeInIndex = 0; path = RandomPhoto.app; sourceTree = BUILT_PRODUCTS_DIR; };
		60EF4B3A280A7BA700FCCDC1 /* AppDelegate.swift */ = {isa = PBXFileReference; lastKnownFileType = sourcecode.swift; path = AppDelegate.swift; sourceTree = "<group>"; };
		60EF4B3C280A7BA700FCCDC1 /* SceneDelegate.swift */ = {isa = PBXFileReference; lastKnownFileType = sourcecode.swift; path = SceneDelegate.swift; sourceTree = "<group>"; };
		60EF4B3E280A7BA700FCCDC1 /* ViewController.swift */ = {isa = PBXFileReference; lastKnownFileType = sourcecode.swift; path = ViewController.swift; sourceTree = "<group>"; };
		60EF4B41280A7BA700FCCDC1 /* Base */ = {isa = PBXFileReference; lastKnownFileType = file.storyboard; name = Base; path = Base.lproj/Main.storyboard; sourceTree = "<group>"; };
		60EF4B43280A7BA800FCCDC1 /* Assets.xcassets */ = {isa = PBXFileReference; lastKnownFileType = folder.assetcatalog; path = Assets.xcassets; sourceTree = "<group>"; };
		60EF4B46280A7BA800FCCDC1 /* Base */ = {isa = PBXFileReference; lastKnownFileType = file.storyboard; name = Base; path = Base.lproj/LaunchScreen.storyboard; sourceTree = "<group>"; };
		60EF4B48280A7BA800FCCDC1 /* Info.plist */ = {isa = PBXFileReference; lastKnownFileType = text.plist.xml; path = Info.plist; sourceTree = "<group>"; };
		60EF4B4D280A7BA800FCCDC1 /* RandomPhotoTests.xctest */ = {isa = PBXFileReference; explicitFileType = wrapper.cfbundle; includeInIndex = 0; path = RandomPhotoTests.xctest; sourceTree = BUILT_PRODUCTS_DIR; };
		60EF4B51280A7BA800FCCDC1 /* RandomPhotoTests.swift */ = {isa = PBXFileReference; lastKnownFileType = sourcecode.swift; path = RandomPhotoTests.swift; sourceTree = "<group>"; };
		60EF4B57280A7BA800FCCDC1 /* RandomPhotoUITests.xctest */ = {isa = PBXFileReference; explicitFileType = wrapper.cfbundle; includeInIndex = 0; path = RandomPhotoUITests.xctest; sourceTree = BUILT_PRODUCTS_DIR; };
		60EF4B5B280A7BA800FCCDC1 /* RandomPhotoUITests.swift */ = {isa = PBXFileReference; lastKnownFileType = sourcecode.swift; path = RandomPhotoUITests.swift; sourceTree = "<group>"; };
		60EF4B5D280A7BA800FCCDC1 /* RandomPhotoUITestsLaunchTests.swift */ = {isa = PBXFileReference; lastKnownFileType = sourcecode.swift; path = RandomPhotoUITestsLaunchTests.swift; sourceTree = "<group>"; };
/* End PBXFileReference section */

/* Begin PBXFrameworksBuildPhase section */
		60EF4B34280A7BA700FCCDC1 /* Frameworks */ = {
			isa = PBXFrameworksBuildPhase;
			buildActionMask = 2147483647;
			files = (
			);
			runOnlyForDeploymentPostprocessing = 0;
		};
		60EF4B4A280A7BA800FCCDC1 /* Frameworks */ = {
			isa = PBXFrameworksBuildPhase;
			buildActionMask = 2147483647;
			files = (
			);
			runOnlyForDeploymentPostprocessing = 0;
		};
		60EF4B54280A7BA800FCCDC1 /* Frameworks */ = {
			isa = PBXFrameworksBuildPhase;
			buildActionMask = 2147483647;
			files = (
			);
			runOnlyForDeploymentPostprocessing = 0;
		};
/* End PBXFrameworksBuildPhase section */

/* Begin PBXGroup section */
		60EF4B2E280A7BA700FCCDC1 = {
			isa = PBXGroup;
			children = (
				60EF4B39280A7BA700FCCDC1 /* RandomPhoto */,
				60EF4B50280A7BA800FCCDC1 /* RandomPhotoTests */,
				60EF4B5A280A7BA800FCCDC1 /* RandomPhotoUITests */,
				60EF4B38280A7BA700FCCDC1 /* Products */,
			);
			sourceTree = "<group>";
		};
		60EF4B38280A7BA700FCCDC1 /* Products */ = {
			isa = PBXGroup;
			children = (
				60EF4B37280A7BA700FCCDC1 /* RandomPhoto.app */,
				60EF4B4D280A7BA800FCCDC1 /* RandomPhotoTests.xctest */,
				60EF4B57280A7BA800FCCDC1 /* RandomPhotoUITests.xctest */,
			);
			name = Products;
			sourceTree = "<group>";
		};
		60EF4B39280A7BA700FCCDC1 /* RandomPhoto */ = {
			isa = PBXGroup;
			children = (
				60EF4B3A280A7BA700FCCDC1 /* AppDelegate.swift */,
				60EF4B3C280A7BA700FCCDC1 /* SceneDelegate.swift */,
				60EF4B3E280A7BA700FCCDC1 /* ViewController.swift */,
				60EF4B40280A7BA700FCCDC1 /* Main.storyboard */,
				60EF4B43280A7BA800FCCDC1 /* Assets.xcassets */,
				60EF4B45280A7BA800FCCDC1 /* LaunchScreen.storyboard */,
				60EF4B48280A7BA800FCCDC1 /* Info.plist */,
			);
			path = RandomPhoto;
			sourceTree = "<group>";
		};
		60EF4B50280A7BA800FCCDC1 /* RandomPhotoTests */ = {
			isa = PBXGroup;
			children = (
				60EF4B51280A7BA800FCCDC1 /* RandomPhotoTests.swift */,
			);
			path = RandomPhotoTests;
			sourceTree = "<group>";
		};
		60EF4B5A280A7BA800FCCDC1 /* RandomPhotoUITests */ = {
			isa = PBXGroup;
			children = (
				60EF4B5B280A7BA800FCCDC1 /* RandomPhotoUITests.swift */,
				60EF4B5D280A7BA800FCCDC1 /* RandomPhotoUITestsLaunchTests.swift */,
			);
			path = RandomPhotoUITests;
			sourceTree = "<group>";
		};
/* End PBXGroup section */

/* Begin PBXNativeTarget section */
		60EF4B36280A7BA700FCCDC1 /* RandomPhoto */ = {
			isa = PBXNativeTarget;
			buildConfigurationList = 60EF4B61280A7BA800FCCDC1 /* Build configuration list for PBXNativeTarget "RandomPhoto" */;
			buildPhases = (
				60EF4B33280A7BA700FCCDC1 /* Sources */,
				60EF4B34280A7BA700FCCDC1 /* Frameworks */,
				60EF4B35280A7BA700FCCDC1 /* Resources */,
			);
			buildRules = (
			);
			dependencies = (
			);
			name = RandomPhoto;
			productName = RandomPhoto;
			productReference = 60EF4B37280A7BA700FCCDC1 /* RandomPhoto.app */;
			productType = "com.apple.product-type.application";
		};
		60EF4B4C280A7BA800FCCDC1 /* RandomPhotoTests */ = {
			isa = PBXNativeTarget;
			buildConfigurationList = 60EF4B64280A7BA800FCCDC1 /* Build configuration list for PBXNativeTarget "RandomPhotoTests" */;
			buildPhases = (
				60EF4B49280A7BA800FCCDC1 /* Sources */,
				60EF4B4A280A7BA800FCCDC1 /* Frameworks */,
				60EF4B4B280A7BA800FCCDC1 /* Resources */,
			);
			buildRules = (
			);
			dependencies = (
				60EF4B4F280A7BA800FCCDC1 /* PBXTargetDependency */,
			);
			name = RandomPhotoTests;
			productName = RandomPhotoTests;
			productReference = 60EF4B4D280A7BA800FCCDC1 /* RandomPhotoTests.xctest */;
			productType = "com.apple.product-type.bundle.unit-test";
		};
		60EF4B56280A7BA800FCCDC1 /* RandomPhotoUITests */ = {
			isa = PBXNativeTarget;
			buildConfigurationList = 60EF4B67280A7BA800FCCDC1 /* Build configuration list for PBXNativeTarget "RandomPhotoUITests" */;
			buildPhases = (
				60EF4B53280A7BA800FCCDC1 /* Sources */,
				60EF4B54280A7BA800FCCDC1 /* Frameworks */,
				60EF4B55280A7BA800FCCDC1 /* Resources */,
			);
			buildRules = (
			);
			dependencies = (
				60EF4B59280A7BA800FCCDC1 /* PBXTargetDependency */,
			);
			name = RandomPhotoUITests;
			productName = RandomPhotoUITests;
			productReference = 60EF4B57280A7BA800FCCDC1 /* RandomPhotoUITests.xctest */;
			productType = "com.apple.product-type.bundle.ui-testing";
		};
/* End PBXNativeTarget section */

/* Begin PBXProject section */
		60EF4B2F280A7BA700FCCDC1 /* Project object */ = {
			isa = PBXProject;
			attributes = {
				BuildIndependentTargetsInParallel = 1;
				LastSwiftUpdateCheck = 1330;
				LastUpgradeCheck = 1330;
				TargetAttributes = {
					60EF4B36280A7BA700FCCDC1 = {
						CreatedOnToolsVersion = 13.3.1;
					};
					60EF4B4C280A7BA800FCCDC1 = {
						CreatedOnToolsVersion = 13.3.1;
						TestTargetID = 60EF4B36280A7BA700FCCDC1;
					};
					60EF4B56280A7BA800FCCDC1 = {
						CreatedOnToolsVersion = 13.3.1;
						TestTargetID = 60EF4B36280A7BA700FCCDC1;
					};
				};
			};
			buildConfigurationList = 60EF4B32280A7BA700FCCDC1 /* Build configuration list for PBXProject "RandomPhoto" */;
			compatibilityVersion = "Xcode 13.0";
			developmentRegion = en;
			hasScannedForEncodings = 0;
			knownRegions = (
				en,
				Base,
			);
			mainGroup = 60EF4B2E280A7BA700FCCDC1;
			productRefGroup = 60EF4B38280A7BA700FCCDC1 /* Products */;
			projectDirPath = "";
			projectRoot = "";
			targets = (
				60EF4B36280A7BA700FCCDC1 /* RandomPhoto */,
				60EF4B4C280A7BA800FCCDC1 /* RandomPhotoTests */,
				60EF4B56280A7BA800FCCDC1 /* RandomPhotoUITests */,
			);
		};
/* End PBXProject section */

/* Begin PBXResourcesBuildPhase section */
		60EF4B35280A7BA700FCCDC1 /* Resources */ = {
			isa = PBXResourcesBuildPhase;
			buildActionMask = 2147483647;
			files = (
				60EF4B47280A7BA800FCCDC1 /* LaunchScreen.storyboard in Resources */,
				60EF4B44280A7BA800FCCDC1 /* Assets.xcassets in Resources */,
				60EF4B42280A7BA700FCCDC1 /* Main.storyboard in Resources */,
			);
			runOnlyForDeploymentPostprocessing = 0;
		};
		60EF4B4B280A7BA800FCCDC1 /* Resources */ = {
			isa = PBXResourcesBuildPhase;
			buildActionMask = 2147483647;
			files = (
			);
			runOnlyForDeploymentPostprocessing = 0;
		};
		60EF4B55280A7BA800FCCDC1 /* Resources */ = {
			isa = PBXResourcesBuildPhase;
			buildActionMask = 2147483647;
			files = (
			);
			runOnlyForDeploymentPostprocessing = 0;
		};
/* End PBXResourcesBuildPhase section */

/* Begin PBXSourcesBuildPhase section */
		60EF4B33280A7BA700FCCDC1 /* Sources */ = {
			isa = PBXSourcesBuildPhase;
			buildActionMask = 2147483647;
			files = (
				60EF4B3F280A7BA700FCCDC1 /* ViewController.swift in Sources */,
				60EF4B3B280A7BA700FCCDC1 /* AppDelegate.swift in Sources */,
				60EF4B3D280A7BA700FCCDC1 /* SceneDelegate.swift in Sources */,
			);
			runOnlyForDeploymentPostprocessing = 0;
		};
		60EF4B49280A7BA800FCCDC1 /* Sources */ = {
			isa = PBXSourcesBuildPhase;
			buildActionMask = 2147483647;
			files = (
				60EF4B52280A7BA800FCCDC1 /* RandomPhotoTests.swift in Sources */,
			);
			runOnlyForDeploymentPostprocessing = 0;
		};
		60EF4B53280A7BA800FCCDC1 /* Sources */ = {
			isa = PBXSourcesBuildPhase;
			buildActionMask = 2147483647;
			files = (
				60EF4B5E280A7BA800FCCDC1 /* RandomPhotoUITestsLaunchTests.swift in Sources */,
				60EF4B5C280A7BA800FCCDC1 /* RandomPhotoUITests.swift in Sources */,
			);
			runOnlyForDeploymentPostprocessing = 0;
		};
/* End PBXSourcesBuildPhase section */

/* Begin PBXTargetDependency section */
		60EF4B4F280A7BA800FCCDC1 /* PBXTargetDependency */ = {
			isa = PBXTargetDependency;
			target = 60EF4B36280A7BA700FCCDC1 /* RandomPhoto */;
			targetProxy = 60EF4B4E280A7BA800FCCDC1 /* PBXContainerItemProxy */;
		};
		60EF4B59280A7BA800FCCDC1 /* PBXTargetDependency */ = {
			isa = PBXTargetDependency;
			target = 60EF4B36280A7BA700FCCDC1 /* RandomPhoto */;
			targetProxy = 60EF4B58280A7BA800FCCDC1 /* PBXContainerItemProxy */;
		};
/* End PBXTargetDependency section */

/* Begin PBXVariantGroup section */
		60EF4B40280A7BA700FCCDC1 /* Main.storyboard */ = {
			isa = PBXVariantGroup;
			children = (
				60EF4B41280A7BA700FCCDC1 /* Base */,
			);
			name = Main.storyboard;
			sourceTree = "<group>";
		};
		60EF4B45280A7BA800FCCDC1 /* LaunchScreen.storyboard */ = {
			isa = PBXVariantGroup;
			children = (
				60EF4B46280A7BA800FCCDC1 /* Base */,
			);
			name = LaunchScreen.storyboard;
			sourceTree = "<group>";
		};
/* End PBXVariantGroup section */

/* Begin XCBuildConfiguration section */
		60EF4B5F280A7BA800FCCDC1 /* Debug */ = {
			isa = XCBuildConfiguration;
			buildSettings = {
				ALWAYS_SEARCH_USER_PATHS = NO;
				CLANG_ANALYZER_NONNULL = YES;
				CLANG_ANALYZER_NUMBER_OBJECT_CONVERSION = YES_AGGRESSIVE;
				CLANG_CXX_LANGUAGE_STANDARD = "gnu++17";
				CLANG_ENABLE_MODULES = YES;
				CLANG_ENABLE_OBJC_ARC = YES;
				CLANG_ENABLE_OBJC_WEAK = YES;
				CLANG_WARN_BLOCK_CAPTURE_AUTORELEASING = YES;
				CLANG_WARN_BOOL_CONVERSION = YES;
				CLANG_WARN_COMMA = YES;
				CLANG_WARN_CONSTANT_CONVERSION = YES;
				CLANG_WARN_DEPRECATED_OBJC_IMPLEMENTATIONS = YES;
				CLANG_WARN_DIRECT_OBJC_ISA_USAGE = YES_ERROR;
				CLANG_WARN_DOCUMENTATION_COMMENTS = YES;
				CLANG_WARN_EMPTY_BODY = YES;
				CLANG_WARN_ENUM_CONVERSION = YES;
				CLANG_WARN_INFINITE_RECURSION = YES;
				CLANG_WARN_INT_CONVERSION = YES;
				CLANG_WARN_NON_LITERAL_NULL_CONVERSION = YES;
				CLANG_WARN_OBJC_IMPLICIT_RETAIN_SELF = YES;
				CLANG_WARN_OBJC_LITERAL_CONVERSION = YES;
				CLANG_WARN_OBJC_ROOT_CLASS = YES_ERROR;
				CLANG_WARN_QUOTED_INCLUDE_IN_FRAMEWORK_HEADER = YES;
				CLANG_WARN_RANGE_LOOP_ANALYSIS = YES;
				CLANG_WARN_STRICT_PROTOTYPES = YES;
				CLANG_WARN_SUSPICIOUS_MOVE = YES;
				CLANG_WARN_UNGUARDED_AVAILABILITY = YES_AGGRESSIVE;
				CLANG_WARN_UNREACHABLE_CODE = YES;
				CLANG_WARN__DUPLICATE_METHOD_MATCH = YES;
				COPY_PHASE_STRIP = NO;
				DEBUG_INFORMATION_FORMAT = dwarf;
				ENABLE_STRICT_OBJC_MSGSEND = YES;
				ENABLE_TESTABILITY = YES;
				GCC_C_LANGUAGE_STANDARD = gnu11;
				GCC_DYNAMIC_NO_PIC = NO;
				GCC_NO_COMMON_BLOCKS = YES;
				GCC_OPTIMIZATION_LEVEL = 0;
				GCC_PREPROCESSOR_DEFINITIONS = (
					"DEBUG=1",
					"$(inherited)",
				);
				GCC_WARN_64_TO_32_BIT_CONVERSION = YES;
				GCC_WARN_ABOUT_RETURN_TYPE = YES_ERROR;
				GCC_WARN_UNDECLARED_SELECTOR = YES;
				GCC_WARN_UNINITIALIZED_AUTOS = YES_AGGRESSIVE;
				GCC_WARN_UNUSED_FUNCTION = YES;
				GCC_WARN_UNUSED_VARIABLE = YES;
				IPHONEOS_DEPLOYMENT_TARGET = 15.4;
				MTL_ENABLE_DEBUG_INFO = INCLUDE_SOURCE;
				MTL_FAST_MATH = YES;
				ONLY_ACTIVE_ARCH = YES;
				SDKROOT = iphoneos;
				SWIFT_ACTIVE_COMPILATION_CONDITIONS = DEBUG;
				SWIFT_OPTIMIZATION_LEVEL = "-Onone";
			};
			name = Debug;
		};
		60EF4B60280A7BA800FCCDC1 /* Release */ = {
			isa = XCBuildConfiguration;
			buildSettings = {
				ALWAYS_SEARCH_USER_PATHS = NO;
				CLANG_ANALYZER_NONNULL = YES;
				CLANG_ANALYZER_NUMBER_OBJECT_CONVERSION = YES_AGGRESSIVE;
				CLANG_CXX_LANGUAGE_STANDARD = "gnu++17";
				CLANG_ENABLE_MODULES = YES;
				CLANG_ENABLE_OBJC_ARC = YES;
				CLANG_ENABLE_OBJC_WEAK = YES;
				CLANG_WARN_BLOCK_CAPTURE_AUTORELEASING = YES;
				CLANG_WARN_BOOL_CONVERSION = YES;
				CLANG_WARN_COMMA = YES;
				CLANG_WARN_CONSTANT_CONVERSION = YES;
				CLANG_WARN_DEPRECATED_OBJC_IMPLEMENTATIONS = YES;
				CLANG_WARN_DIRECT_OBJC_ISA_USAGE = YES_ERROR;
				CLANG_WARN_DOCUMENTATION_COMMENTS = YES;
				CLANG_WARN_EMPTY_BODY = YES;
				CLANG_WARN_ENUM_CONVERSION = YES;
				CLANG_WARN_INFINITE_RECURSION = YES;
				CLANG_WARN_INT_CONVERSION = YES;
				CLANG_WARN_NON_LITERAL_NULL_CONVERSION = YES;
				CLANG_WARN_OBJC_IMPLICIT_RETAIN_SELF = YES;
				CLANG_WARN_OBJC_LITERAL_CONVERSION = YES;
				CLANG_WARN_OBJC_ROOT_CLASS = YES_ERROR;
				CLANG_WARN_QUOTED_INCLUDE_IN_FRAMEWORK_HEADER = YES;
				CLANG_WARN_RANGE_LOOP_ANALYSIS = YES;
				CLANG_WARN_STRICT_PROTOTYPES = YES;
				CLANG_WARN_SUSPICIOUS_MOVE = YES;
				CLANG_WARN_UNGUARDED_AVAILABILITY = YES_AGGRESSIVE;
				CLANG_WARN_UNREACHABLE_CODE = YES;
				CLANG_WARN__DUPLICATE_METHOD_MATCH = YES;
				COPY_PHASE_STRIP = NO;
				DEBUG_INFORMATION_FORMAT = "dwarf-with-dsym";
				ENABLE_NS_ASSERTIONS = NO;
				ENABLE_STRICT_OBJC_MSGSEND = YES;
				GCC_C_LANGUAGE_STANDARD = gnu11;
				GCC_NO_COMMON_BLOCKS = YES;
				GCC_WARN_64_TO_32_BIT_CONVERSION = YES;
				GCC_WARN_ABOUT_RETURN_TYPE = YES_ERROR;
				GCC_WARN_UNDECLARED_SELECTOR = YES;
				GCC_WARN_UNINITIALIZED_AUTOS = YES_AGGRESSIVE;
				GCC_WARN_UNUSED_FUNCTION = YES;
				GCC_WARN_UNUSED_VARIABLE = YES;
				IPHONEOS_DEPLOYMENT_TARGET = 15.4;
				MTL_ENABLE_DEBUG_INFO = NO;
				MTL_FAST_MATH = YES;
				SDKROOT = iphoneos;
				SWIFT_COMPILATION_MODE = wholemodule;
				SWIFT_OPTIMIZATION_LEVEL = "-O";
				VALIDATE_PRODUCT = YES;
			};
			name = Release;
		};
		60EF4B62280A7BA800FCCDC1 /* Debug */ = {
			isa = XCBuildConfiguration;
			buildSettings = {
				ASSETCATALOG_COMPILER_APPICON_NAME = AppIcon;
				ASSETCATALOG_COMPILER_GLOBAL_ACCENT_COLOR_NAME = AccentColor;
				CODE_SIGN_STYLE = Automatic;
				CURRENT_PROJECT_VERSION = 1;
				DEVELOPMENT_TEAM = QCNH47ZTM3;
				GENERATE_INFOPLIST_FILE = YES;
				INFOPLIST_FILE = RandomPhoto/Info.plist;
				INFOPLIST_KEY_UIApplicationSupportsIndirectInputEvents = YES;
				INFOPLIST_KEY_UILaunchStoryboardName = LaunchScreen;
				INFOPLIST_KEY_UIMainStoryboardFile = Main;
				INFOPLIST_KEY_UISupportedInterfaceOrientations_iPad = "UIInterfaceOrientationPortrait UIInterfaceOrientationPortraitUpsideDown UIInterfaceOrientationLandscapeLeft UIInterfaceOrientationLandscapeRight";
				INFOPLIST_KEY_UISupportedInterfaceOrientations_iPhone = "UIInterfaceOrientationPortrait UIInterfaceOrientationLandscapeLeft UIInterfaceOrientationLandscapeRight";
				LD_RUNPATH_SEARCH_PATHS = (
					"$(inherited)",
					"@executable_path/Frameworks",
				);
				MARKETING_VERSION = 1.0;
				PRODUCT_BUNDLE_IDENTIFIER = PhotoRandom.RandomPhoto;
				PRODUCT_NAME = "$(TARGET_NAME)";
				SWIFT_EMIT_LOC_STRINGS = YES;
				SWIFT_VERSION = 5.0;
				TARGETED_DEVICE_FAMILY = "1,2";
			};
			name = Debug;
		};
		60EF4B63280A7BA800FCCDC1 /* Release */ = {
			isa = XCBuildConfiguration;
			buildSettings = {
				ASSETCATALOG_COMPILER_APPICON_NAME = AppIcon;
				ASSETCATALOG_COMPILER_GLOBAL_ACCENT_COLOR_NAME = AccentColor;
				CODE_SIGN_STYLE = Automatic;
				CURRENT_PROJECT_VERSION = 1;
				DEVELOPMENT_TEAM = QCNH47ZTM3;
				GENERATE_INFOPLIST_FILE = YES;
				INFOPLIST_FILE = RandomPhoto/Info.plist;
				INFOPLIST_KEY_UIApplicationSupportsIndirectInputEvents = YES;
				INFOPLIST_KEY_UILaunchStoryboardName = LaunchScreen;
				INFOPLIST_KEY_UIMainStoryboardFile = Main;
				INFOPLIST_KEY_UISupportedInterfaceOrientations_iPad = "UIInterfaceOrientationPortrait UIInterfaceOrientationPortraitUpsideDown UIInterfaceOrientationLandscapeLeft UIInterfaceOrientationLandscapeRight";
				INFOPLIST_KEY_UISupportedInterfaceOrientations_iPhone = "UIInterfaceOrientationPortrait UIInterfaceOrientationLandscapeLeft UIInterfaceOrientationLandscapeRight";
				LD_RUNPATH_SEARCH_PATHS = (
					"$(inherited)",
					"@executable_path/Frameworks",
				);
				MARKETING_VERSION = 1.0;
				PRODUCT_BUNDLE_IDENTIFIER = PhotoRandom.RandomPhoto;
				PRODUCT_NAME = "$(TARGET_NAME)";
				SWIFT_EMIT_LOC_STRINGS = YES;
				SWIFT_VERSION = 5.0;
				TARGETED_DEVICE_FAMILY = "1,2";
			};
			name = Release;
		};
		60EF4B65280A7BA800FCCDC1 /* Debug */ = {
			isa = XCBuildConfiguration;
			buildSettings = {
				ALWAYS_EMBED_SWIFT_STANDARD_LIBRARIES = YES;
				BUNDLE_LOADER = "$(TEST_HOST)";
				CODE_SIGN_STYLE = Automatic;
				CURRENT_PROJECT_VERSION = 1;
				DEVELOPMENT_TEAM = QCNH47ZTM3;
				GENERATE_INFOPLIST_FILE = YES;
				IPHONEOS_DEPLOYMENT_TARGET = 15.4;
				MARKETING_VERSION = 1.0;
				PRODUCT_BUNDLE_IDENTIFIER = PhotoRandom.RandomPhotoTests;
				PRODUCT_NAME = "$(TARGET_NAME)";
				SWIFT_EMIT_LOC_STRINGS = NO;
				SWIFT_VERSION = 5.0;
				TARGETED_DEVICE_FAMILY = "1,2";
				TEST_HOST = "$(BUILT_PRODUCTS_DIR)/RandomPhoto.app/RandomPhoto";
			};
			name = Debug;
		};
		60EF4B66280A7BA800FCCDC1 /* Release */ = {
			isa = XCBuildConfiguration;
			buildSettings = {
				ALWAYS_EMBED_SWIFT_STANDARD_LIBRARIES = YES;
				BUNDLE_LOADER = "$(TEST_HOST)";
				CODE_SIGN_STYLE = Automatic;
				CURRENT_PROJECT_VERSION = 1;
				DEVELOPMENT_TEAM = QCNH47ZTM3;
				GENERATE_INFOPLIST_FILE = YES;
				IPHONEOS_DEPLOYMENT_TARGET = 15.4;
				MARKETING_VERSION = 1.0;
				PRODUCT_BUNDLE_IDENTIFIER = PhotoRandom.RandomPhotoTests;
				PRODUCT_NAME = "$(TARGET_NAME)";
				SWIFT_EMIT_LOC_STRINGS = NO;
				SWIFT_VERSION = 5.0;
				TARGETED_DEVICE_FAMILY = "1,2";
				TEST_HOST = "$(BUILT_PRODUCTS_DIR)/RandomPhoto.app/RandomPhoto";
			};
			name = Release;
		};
		60EF4B68280A7BA800FCCDC1 /* Debug */ = {
			isa = XCBuildConfiguration;
			buildSettings = {
				ALWAYS_EMBED_SWIFT_STANDARD_LIBRARIES = YES;
				CODE_SIGN_STYLE = Automatic;
				CURRENT_PROJECT_VERSION = 1;
				DEVELOPMENT_TEAM = QCNH47ZTM3;
				GENERATE_INFOPLIST_FILE = YES;
				MARKETING_VERSION = 1.0;
				PRODUCT_BUNDLE_IDENTIFIER = PhotoRandom.RandomPhotoUITests;
				PRODUCT_NAME = "$(TARGET_NAME)";
				SWIFT_EMIT_LOC_STRINGS = NO;
				SWIFT_VERSION = 5.0;
				TARGETED_DEVICE_FAMILY = "1,2";
				TEST_TARGET_NAME = RandomPhoto;
			};
			name = Debug;
		};
		60EF4B69280A7BA800FCCDC1 /* Release */ = {
			isa = XCBuildConfiguration;
			buildSettings = {
				ALWAYS_EMBED_SWIFT_STANDARD_LIBRARIES = YES;
				CODE_SIGN_STYLE = Automatic;
				CURRENT_PROJECT_VERSION = 1;
				DEVELOPMENT_TEAM = QCNH47ZTM3;
				GENERATE_INFOPLIST_FILE = YES;
				MARKETING_VERSION = 1.0;
				PRODUCT_BUNDLE_IDENTIFIER = PhotoRandom.RandomPhotoUITests;
				PRODUCT_NAME = "$(TARGET_NAME)";
				SWIFT_EMIT_LOC_STRINGS = NO;
				SWIFT_VERSION = 5.0;
				TARGETED_DEVICE_FAMILY = "1,2";
				TEST_TARGET_NAME = RandomPhoto;
			};
			name = Release;
		};
/* End XCBuildConfiguration section */

/* Begin XCConfigurationList section */
		60EF4B32280A7BA700FCCDC1 /* Build configuration list for PBXProject "RandomPhoto" */ = {
			isa = XCConfigurationList;
			buildConfigurations = (
				60EF4B5F280A7BA800FCCDC1 /* Debug */,
				60EF4B60280A7BA800FCCDC1 /* Release */,
			);
			defaultConfigurationIsVisible = 0;
			defaultConfigurationName = Release;
		};
		60EF4B61280A7BA800FCCDC1 /* Build configuration list for PBXNativeTarget "RandomPhoto" */ = {
			isa = XCConfigurationList;
			buildConfigurations = (
				60EF4B62280A7BA800FCCDC1 /* Debug */,
				60EF4B63280A7BA800FCCDC1 /* Release */,
			);
			defaultConfigurationIsVisible = 0;
			defaultConfigurationName = Release;
		};
		60EF4B64280A7BA800FCCDC1 /* Build configuration list for PBXNativeTarget "RandomPhotoTests" */ = {
			isa = XCConfigurationList;
			buildConfigurations = (
				60EF4B65280A7BA800FCCDC1 /* Debug */,
				60EF4B66280A7BA800FCCDC1 /* Release */,
			);
			defaultConfigurationIsVisible = 0;
			defaultConfigurationName = Release;
		};
		60EF4B67280A7BA800FCCDC1 /* Build configuration list for PBXNativeTarget "RandomPhotoUITests" */ = {
			isa = XCConfigurationList;
			buildConfigurations = (
				60EF4B68280A7BA800FCCDC1 /* Debug */,
				60EF4B69280A7BA800FCCDC1 /* Release */,
			);
			defaultConfigurationIsVisible = 0;
			defaultConfigurationName = Release;
		};
/* End XCConfigurationList section */
	};
	rootObject = 60EF4B2F280A7BA700FCCDC1 /* Project object */;
}
